
Microsoft Visual Studio Solution File, Format Version 12.00
# Visual Studio Version 17
VisualStudioVersion = 17.9.34701.34
MinimumVisualStudioVersion = 10.0.40219.1
Project("{FAE04EC0-301F-11D3-BF4B-00C04F79EFBC}") = "CoreBanksApp", "CoreBanksApp\CoreBanksApp.csproj", "{BACA2802-39B1-450F-A3D3-6862B88E1950}"
EndProject
Global
	GlobalSection(SolutionConfigurationPlatforms) = preSolution
		Debug|Any CPU = Debug|Any CPU
		Release|Any CPU = Release|Any CPU
	EndGlobalSection
	GlobalSection(ProjectConfigurationPlatforms) = postSolution
		{BACA2802-39B1-450F-A3D3-6862B88E1950}.Debug|Any CPU.ActiveCfg = Debug|Any CPU
		{BACA2802-39B1-450F-A3D3-6862B88E1950}.Debug|Any CPU.Build.0 = Debug|Any CPU
		{BACA2802-39B1-450F-A3D3-6862B88E1950}.Release|Any CPU.ActiveCfg = Release|Any CPU
		{BACA2802-39B1-450F-A3D3-6862B88E1950}.Release|Any CPU.Build.0 = Release|Any CPU
	EndGlobalSection
	GlobalSection(SolutionProperties) = preSolution
		HideSolutionNode = FALSE
	EndGlobalSection
	GlobalSection(ExtensibilityGlobals) = postSolution
		SolutionGuid = {0713884D-7C78-499F-850E-3BF9338F87B4}
	EndGlobalSection
EndGlobal
